
Microsoft Visual Studio Solution File, Format Version 12.00
# Visual Studio Version 16
VisualStudioVersion = 16.0.32002.261
MinimumVisualStudioVersion = 10.0.40219.1
Project("{FAE04EC0-301F-11D3-BF4B-00C04F79EFBC}") = "SportNotepadMVC.Web", "SportNotepadMVC.Web\SportNotepadMVC.Web.csproj", "{1B61E7C4-C0E4-4576-A7CB-036EF4B4612E}"
EndProject
Project("{FAE04EC0-301F-11D3-BF4B-00C04F79EFBC}") = "SportNotepadMVC.Application", "SportNotepadMVC.Application\SportNotepadMVC.Application.csproj", "{001D38EE-03F3-44AA-9577-74BA678022BA}"
EndProject
Project("{FAE04EC0-301F-11D3-BF4B-00C04F79EFBC}") = "SportNotepadMVC.Infrastructure", "SportNotepadMVC.Infrastructure\SportNotepadMVC.Infrastructure.csproj", "{1CFF41D6-EC58-4040-B1CA-47CD67C3E49A}"
EndProject
Global
	GlobalSection(SolutionConfigurationPlatforms) = preSolution
		Debug|Any CPU = Debug|Any CPU
		Release|Any CPU = Release|Any CPU
	EndGlobalSection
	GlobalSection(ProjectConfigurationPlatforms) = postSolution
		{1B61E7C4-C0E4-4576-A7CB-036EF4B4612E}.Debug|Any CPU.ActiveCfg = Debug|Any CPU
		{1B61E7C4-C0E4-4576-A7CB-036EF4B4612E}.Debug|Any CPU.Build.0 = Debug|Any CPU
		{1B61E7C4-C0E4-4576-A7CB-036EF4B4612E}.Release|Any CPU.ActiveCfg = Release|Any CPU
		{1B61E7C4-C0E4-4576-A7CB-036EF4B4612E}.Release|Any CPU.Build.0 = Release|Any CPU
		{001D38EE-03F3-44AA-9577-74BA678022BA}.Debug|Any CPU.ActiveCfg = Debug|Any CPU
		{001D38EE-03F3-44AA-9577-74BA678022BA}.Debug|Any CPU.Build.0 = Debug|Any CPU
		{001D38EE-03F3-44AA-9577-74BA678022BA}.Release|Any CPU.ActiveCfg = Release|Any CPU
		{001D38EE-03F3-44AA-9577-74BA678022BA}.Release|Any CPU.Build.0 = Release|Any CPU
		{1CFF41D6-EC58-4040-B1CA-47CD67C3E49A}.Debug|Any CPU.ActiveCfg = Debug|Any CPU
		{1CFF41D6-EC58-4040-B1CA-47CD67C3E49A}.Debug|Any CPU.Build.0 = Debug|Any CPU
		{1CFF41D6-EC58-4040-B1CA-47CD67C3E49A}.Release|Any CPU.ActiveCfg = Release|Any CPU
		{1CFF41D6-EC58-4040-B1CA-47CD67C3E49A}.Release|Any CPU.Build.0 = Release|Any CPU
	EndGlobalSection
	GlobalSection(SolutionProperties) = preSolution
		HideSolutionNode = FALSE
	EndGlobalSection
	GlobalSection(ExtensibilityGlobals) = postSolution
		SolutionGuid = {53EAF804-2BC2-4779-9BA6-EC58D9B340C6}
	EndGlobalSection
EndGlobal
